dependencies:
- name: mariadb
  repository: https://charts.eu-de-2.cloud.sap
  version: 0.7.5
- name: memcached
  repository: https://charts.eu-de-2.cloud.sap
  version: 0.0.10
- name: mysql_metrics
  repository: https://charts.eu-de-2.cloud.sap
  version: 0.2.7
- name: rabbitmq
  repository: https://charts.eu-de-2.cloud.sap
  version: 0.3.2
- name: rabbitmq
  repository: https://charts.eu-de-2.cloud.sap
  version: 0.3.2
- name: utils
  repository: https://charts.eu-de-2.cloud.sap
  version: 0.7.0
- name: owner-info
  repository: https://charts.eu-de-2.cloud.sap
  version: 0.2.0
digest: sha256:f0c7277817c85fd7dab03bbf08ca5fc681422862736d75d401e6a952a480d92a
generated: "2023-01-27T13:31:54.069199164+01:00"
