dependencies:
- name: prometheus-crds
  repository: file://../prometheus-crds
  version: 5.0.0
- name: kube-prometheus-stack
  repository: https://prometheus-community.github.io/helm-charts
  version: 42.2.1
- name: owner-info
  repository: https://charts.eu-de-2.cloud.sap
  version: 0.2.0
digest: sha256:39bac0c6487967fb5bcb7538c9b66d5b58363c61d871fb71ed0c4c341f025152
generated: "2023-03-16T14:21:42.648636+01:00"
